// !$*UTF8*$!
{
	archiveVersion = 1;
	classes = {
	};
	objectVersion = 46;
	objects = {

/* Begin PBXBuildFile section */
		540AAC5D1772D482007C4DCF /* SimJobButtonCell.m in Sources */ = {isa = PBXBuildFile; fileRef = 540AAC5C1772D482007C4DCF /* SimJobButtonCell.m */; };
		540AAC601772FD74007C4DCF /* dot.png in Resources */ = {isa = PBXBuildFile; fileRef = 540AAC5E1772FD73007C4DCF /* dot.png */; };
		540AAC611772FD74007C4DCF /* dot@2x.png in Resources */ = {isa = PBXBuildFile; fileRef = 540AAC5F1772FD74007C4DCF /* dot@2x.png */; };
		540C37951771F68F00D95990 /* SimJobCell.xib in Resources */ = {isa = PBXBuildFile; fileRef = 540C37941771F68F00D95990 /* SimJobCell.xib */; };
		541BD299177193DD00E82846 /* greyButton.png in Resources */ = {isa = PBXBuildFile; fileRef = 541BD297177193DD00E82846 /* greyButton.png */; };
		541BD29A177193DD00E82846 /* greyButton@2x.png in Resources */ = {isa = PBXBuildFile; fileRef = 541BD298177193DD00E82846 /* greyButton@2x.png */; };
		541BD29D177193F100E82846 /* greyButtonHighlight.png in Resources */ = {isa = PBXBuildFile; fileRef = 541BD29B177193F100E82846 /* greyButtonHighlight.png */; };
		541BD29E177193F100E82846 /* greyButtonHighlight@2x.png in Resources */ = {isa = PBXBuildFile; fileRef = 541BD29C177193F100E82846 /* greyButtonHighlight@2x.png */; };
		543721E2176DFA8000AFC35F /* Constants.m in Sources */ = {isa = PBXBuildFile; fileRef = 543721E1176DFA8000AFC35F /* Constants.m */; };
		54419AE7177B48EE00D10E30 /* SimJobDetailsController.m in Sources */ = {isa = PBXBuildFile; fileRef = 54419AE6177B48EE00D10E30 /* SimJobDetailsController.m */; };
		544CE0CA1765E13600F69C45 /* SimJob.m in Sources */ = {isa = PBXBuildFile; fileRef = 544CE0C91765E13600F69C45 /* SimJob.m */; };
		545AF782178E8A1A0003678F /* BiomodelViewController.m in Sources */ = {isa = PBXBuildFile; fileRef = 545AF781178E8A1A0003678F /* BiomodelViewController.m */; };
		545AF786178EA6DA0003678F /* BioModel.xcdatamodeld in Sources */ = {isa = PBXBuildFile; fileRef = 545AF784178EA6DA0003678F /* BioModel.xcdatamodeld */; };
		545AF78C178ED36C0003678F /* CoreData.framework in Frameworks */ = {isa = PBXBuildFile; fileRef = 545AF78B178ED36C0003678F /* CoreData.framework */; };
		545AF7CF178F21100003678F /* Simulation.m in Sources */ = {isa = PBXBuildFile; fileRef = 545AF7CE178F21100003678F /* Simulation.m */; };
		545AF7D2178F21100003678F /* Application.m in Sources */ = {isa = PBXBuildFile; fileRef = 545AF7D1178F21100003678F /* Application.m */; };
		545AF7D5178F21100003678F /* Biomodel.m in Sources */ = {isa = PBXBuildFile; fileRef = 545AF7D4178F21100003678F /* Biomodel.m */; };
		545AF7D8178FC0BA0003678F /* Functions.m in Sources */ = {isa = PBXBuildFile; fileRef = 545AF7D7178FC0BA0003678F /* Functions.m */; };
		545AF7DD1796C7810003678F /* BiomodelDetailsViewController.m in Sources */ = {isa = PBXBuildFile; fileRef = 545AF7DC1796C7810003678F /* BiomodelDetailsViewController.m */; };
		54608B121779ADDA0004C4D9 /* SimJobsFiltersController.m in Sources */ = {isa = PBXBuildFile; fileRef = 54608B111779ADDA0004C4D9 /* SimJobsFiltersController.m */; };
		54608B151779BC320004C4D9 /* SimJobsFiltersDetail.m in Sources */ = {isa = PBXBuildFile; fileRef = 54608B141779BC320004C4D9 /* SimJobsFiltersDetail.m */; };
		5467C06017674804002A5CC9 /* SimJobCell.m in Sources */ = {isa = PBXBuildFile; fileRef = 5467C05F17674804002A5CC9 /* SimJobCell.m */; };
		5492E32917DB58EC00CABA4F /* RegisterationViewController.m in Sources */ = {isa = PBXBuildFile; fileRef = 5492E32817DB58EC00CABA4F /* RegisterationViewController.m */; };
		54C2F4F2177FDEE700FEB6B9 /* libCorePlot-CocoaTouch.a in Frameworks */ = {isa = PBXBuildFile; fileRef = 54C2F4F1177FDEE700FEB6B9 /* libCorePlot-CocoaTouch.a */; };
		54C2F4F4177FDF2500FEB6B9 /* QuartzCore.framework in Frameworks */ = {isa = PBXBuildFile; fileRef = 54C2F4F3177FDF2500FEB6B9 /* QuartzCore.framework */; };
		54C2F4F817800D9400FEB6B9 /* SimGraph.m in Sources */ = {isa = PBXBuildFile; fileRef = 54C2F4F717800D9400FEB6B9 /* SimGraph.m */; };
		54C2F4FB178033BC00FEB6B9 /* GraphAxisSelectController.m in Sources */ = {isa = PBXBuildFile; fileRef = 54C2F4FA178033BC00FEB6B9 /* GraphAxisSelectController.m */; };
		54DA31781764B8900020D2B5 /* UIKit.framework in Frameworks */ = {isa = PBXBuildFile; fileRef = 54DA31771764B8900020D2B5 /* UIKit.framework */; };
		54DA317A1764B8900020D2B5 /* Foundation.framework in Frameworks */ = {isa = PBXBuildFile; fileRef = 54DA31791764B8900020D2B5 /* Foundation.framework */; };
		54DA317C1764B8900020D2B5 /* CoreGraphics.framework in Frameworks */ = {isa = PBXBuildFile; fileRef = 54DA317B1764B8900020D2B5 /* CoreGraphics.framework */; };
		54DA31821764B8900020D2B5 /* InfoPlist.strings in Resources */ = {isa = PBXBuildFile; fileRef = 54DA31801764B8900020D2B5 /* InfoPlist.strings */; };
		54DA31841764B8900020D2B5 /* main.m in Sources */ = {isa = PBXBuildFile; fileRef = 54DA31831764B8900020D2B5 /* main.m */; };
		54DA31881764B8900020D2B5 /* AppDelegate.m in Sources */ = {isa = PBXBuildFile; fileRef = 54DA31871764B8900020D2B5 /* AppDelegate.m */; };
		54DA318A1764B8900020D2B5 /* Default.png in Resources */ = {isa = PBXBuildFile; fileRef = 54DA31891764B8900020D2B5 /* Default.png */; };
		54DA318C1764B8900020D2B5 /* Default@2x.png in Resources */ = {isa = PBXBuildFile; fileRef = 54DA318B1764B8900020D2B5 /* Default@2x.png */; };
		54DA318E1764B8900020D2B5 /* Default-568h@2x.png in Resources */ = {isa = PBXBuildFile; fileRef = 54DA318D1764B8900020D2B5 /* Default-568h@2x.png */; };
		54DA31911764B8900020D2B5 /* MainStoryboard_iPhone.storyboard in Resources */ = {isa = PBXBuildFile; fileRef = 54DA318F1764B8900020D2B5 /* MainStoryboard_iPhone.storyboard */; };
		54DA31941764B8900020D2B5 /* MainStoryboard_iPad.storyboard in Resources */ = {isa = PBXBuildFile; fileRef = 54DA31921764B8900020D2B5 /* MainStoryboard_iPad.storyboard */; };
		54DA31971764B8900020D2B5 /* SimJobController.m in Sources */ = {isa = PBXBuildFile; fileRef = 54DA31961764B8900020D2B5 /* SimJobController.m */; };
		54DA31991764B8900020D2B5 /* first.png in Resources */ = {isa = PBXBuildFile; fileRef = 54DA31981764B8900020D2B5 /* first.png */; };
		54DA319B1764B8900020D2B5 /* first@2x.png in Resources */ = {isa = PBXBuildFile; fileRef = 54DA319A1764B8900020D2B5 /* first@2x.png */; };
		54DA319E1764B8900020D2B5 /* GraphViewController.m in Sources */ = {isa = PBXBuildFile; fileRef = 54DA319D1764B8900020D2B5 /* GraphViewController.m */; };
		54DA31A01764B8900020D2B5 /* second.png in Resources */ = {isa = PBXBuildFile; fileRef = 54DA319F1764B8900020D2B5 /* second.png */; };
		54DA31A21764B8900020D2B5 /* second@2x.png in Resources */ = {isa = PBXBuildFile; fileRef = 54DA31A11764B8900020D2B5 /* second@2x.png */; };
		54DA31AA1764B8900020D2B5 /* SenTestingKit.framework in Frameworks */ = {isa = PBXBuildFile; fileRef = 54DA31A91764B8900020D2B5 /* SenTestingKit.framework */; };
		54DA31AB1764B8900020D2B5 /* UIKit.framework in Frameworks */ = {isa = PBXBuildFile; fileRef = 54DA31771764B8900020D2B5 /* UIKit.framework */; };
		54DA31AC1764B8900020D2B5 /* Foundation.framework in Frameworks */ = {isa = PBXBuildFile; fileRef = 54DA31791764B8900020D2B5 /* Foundation.framework */; };
		54DA31B41764B8900020D2B5 /* InfoPlist.strings in Resources */ = {isa = PBXBuildFile; fileRef = 54DA31B21764B8900020D2B5 /* InfoPlist.strings */; };
		54DA31B71764B8900020D2B5 /* VCellTests.m in Sources */ = {isa = PBXBuildFile; fileRef = 54DA31B61764B8900020D2B5 /* VCellTests.m */; };
		54DD491A17AD24EB00E27B2D /* BiomodelCell.m in Sources */ = {isa = PBXBuildFile; fileRef = 54DD491917AD24EB00E27B2D /* BiomodelCell.m */; };
		54DD491C17AD2C9600E27B2D /* BiomodelCell.xib in Resources */ = {isa = PBXBuildFile; fileRef = 54DD491B17AD2C9600E27B2D /* BiomodelCell.xib */; };
		54DD491F17AE588400E27B2D /* MBProgressHUD.m in Sources */ = {isa = PBXBuildFile; fileRef = 54DD491E17AE588400E27B2D /* MBProgressHUD.m */; };
		54EDA98B17709B7100A32120 /* 37x-Checkmark.png in Resources */ = {isa = PBXBuildFile; fileRef = 54EDA98917709B7100A32120 /* 37x-Checkmark.png */; };
		54EDA98C17709B7100A32120 /* 37x-Checkmark@2x.png in Resources */ = {isa = PBXBuildFile; fileRef = 54EDA98A17709B7100A32120 /* 37x-Checkmark@2x.png */; };
		54FB100117BDE299005D671D /* AccessToken.m in Sources */ = {isa = PBXBuildFile; fileRef = 54FB100017BDE299005D671D /* AccessToken.m */; };
		54FB100417BDE72E005D671D /* LoginViewController.m in Sources */ = {isa = PBXBuildFile; fileRef = 54FB100317BDE72E005D671D /* LoginViewController.m */; };
/* End PBXBuildFile section */

/* Begin PBXContainerItemProxy section */
		54DA31AD1764B8900020D2B5 /* PBXContainerItemProxy */ = {
			isa = PBXContainerItemProxy;
			containerPortal = 54DA316C1764B8900020D2B5 /* Project object */;
			proxyType = 1;
			remoteGlobalIDString = 54DA31731764B8900020D2B5;
			remoteInfo = VCell;
		};
/* End PBXContainerItemProxy section */

/* Begin PBXFileReference section */
		540AAC5B1772D482007C4DCF /* SimJobButtonCell.h */ = {isa = PBXFileReference; fileEncoding = 4; lastKnownFileType = sourcecode.c.h; path = SimJobButtonCell.h; sourceTree = "<group>"; };
		540AAC5C1772D482007C4DCF /* SimJobButtonCell.m */ = {isa = PBXFileReference; fileEncoding = 4; lastKnownFileType = sourcecode.c.objc; path = SimJobButtonCell.m; sourceTree = "<group>"; };
		540AAC5E1772FD73007C4DCF /* dot.png */ = {isa = PBXFileReference; lastKnownFileType = image.png; path = dot.png; sourceTree = "<group>"; };
		540AAC5F1772FD74007C4DCF /* dot@2x.png */ = {isa = PBXFileReference; lastKnownFileType = image.png; path = "dot@2x.png"; sourceTree = "<group>"; };
		540C37941771F68F00D95990 /* SimJobCell.xib */ = {isa = PBXFileReference; fileEncoding = 4; lastKnownFileType = file.xib; path = SimJobCell.xib; sourceTree = "<group>"; };
		541BD297177193DD00E82846 /* greyButton.png */ = {isa = PBXFileReference; lastKnownFileType = image.png; path = greyButton.png; sourceTree = "<group>"; };
		541BD298177193DD00E82846 /* greyButton@2x.png */ = {isa = PBXFileReference; lastKnownFileType = image.png; path = "greyButton@2x.png"; sourceTree = "<group>"; };
		541BD29B177193F100E82846 /* greyButtonHighlight.png */ = {isa = PBXFileReference; lastKnownFileType = image.png; path = greyButtonHighlight.png; sourceTree = "<group>"; };
		541BD29C177193F100E82846 /* greyButtonHighlight@2x.png */ = {isa = PBXFileReference; lastKnownFileType = image.png; path = "greyButtonHighlight@2x.png"; sourceTree = "<group>"; };
		543721E0176DFA8000AFC35F /* Constants.h */ = {isa = PBXFileReference; fileEncoding = 4; lastKnownFileType = sourcecode.c.h; path = Constants.h; sourceTree = "<group>"; };
		543721E1176DFA8000AFC35F /* Constants.m */ = {isa = PBXFileReference; fileEncoding = 4; lastKnownFileType = sourcecode.c.objc; path = Constants.m; sourceTree = "<group>"; };
		54419AE5177B48EE00D10E30 /* SimJobDetailsController.h */ = {isa = PBXFileReference; fileEncoding = 4; lastKnownFileType = sourcecode.c.h; path = SimJobDetailsController.h; sourceTree = "<group>"; };
		54419AE6177B48EE00D10E30 /* SimJobDetailsController.m */ = {isa = PBXFileReference; fileEncoding = 4; lastKnownFileType = sourcecode.c.objc; path = SimJobDetailsController.m; sourceTree = "<group>"; };
		544CE0C81765E13600F69C45 /* SimJob.h */ = {isa = PBXFileReference; fileEncoding = 4; lastKnownFileType = sourcecode.c.h; path = SimJob.h; sourceTree = "<group>"; };
		544CE0C91765E13600F69C45 /* SimJob.m */ = {isa = PBXFileReference; fileEncoding = 4; lastKnownFileType = sourcecode.c.objc; path = SimJob.m; sourceTree = "<group>"; };
		545AF780178E8A1A0003678F /* BiomodelViewController.h */ = {isa = PBXFileReference; fileEncoding = 4; lastKnownFileType = sourcecode.c.h; path = BiomodelViewController.h; sourceTree = "<group>"; };
		545AF781178E8A1A0003678F /* BiomodelViewController.m */ = {isa = PBXFileReference; fileEncoding = 4; lastKnownFileType = sourcecode.c.objc; path = BiomodelViewController.m; sourceTree = "<group>"; };
		545AF785178EA6DA0003678F /* BioModel.xcdatamodel */ = {isa = PBXFileReference; lastKnownFileType = wrapper.xcdatamodel; path = BioModel.xcdatamodel; sourceTree = "<group>"; };
		545AF78B178ED36C0003678F /* CoreData.framework */ = {isa = PBXFileReference; lastKnownFileType = wrapper.framework; name = CoreData.framework; path = System/Library/Frameworks/CoreData.framework; sourceTree = SDKROOT; };
		545AF7CD178F21100003678F /* Simulation.h */ = {isa = PBXFileReference; fileEncoding = 4; lastKnownFileType = sourcecode.c.h; path = Simulation.h; sourceTree = "<group>"; };
		545AF7CE178F21100003678F /* Simulation.m */ = {isa = PBXFileReference; fileEncoding = 4; lastKnownFileType = sourcecode.c.objc; path = Simulation.m; sourceTree = "<group>"; };
		545AF7D0178F21100003678F /* Application.h */ = {isa = PBXFileReference; fileEncoding = 4; lastKnownFileType = sourcecode.c.h; path = Application.h; sourceTree = "<group>"; };
		545AF7D1178F21100003678F /* Application.m */ = {isa = PBXFileReference; fileEncoding = 4; lastKnownFileType = sourcecode.c.objc; path = Application.m; sourceTree = "<group>"; };
		545AF7D3178F21100003678F /* Biomodel.h */ = {isa = PBXFileReference; fileEncoding = 4; lastKnownFileType = sourcecode.c.h; path = Biomodel.h; sourceTree = "<group>"; };
		545AF7D4178F21100003678F /* Biomodel.m */ = {isa = PBXFileReference; fileEncoding = 4; lastKnownFileType = sourcecode.c.objc; path = Biomodel.m; sourceTree = "<group>"; };
		545AF7D6178FC0BA0003678F /* Functions.h */ = {isa = PBXFileReference; fileEncoding = 4; lastKnownFileType = sourcecode.c.h; path = Functions.h; sourceTree = "<group>"; };
		545AF7D7178FC0BA0003678F /* Functions.m */ = {isa = PBXFileReference; fileEncoding = 4; lastKnownFileType = sourcecode.c.objc; path = Functions.m; sourceTree = "<group>"; };
		545AF7DB1796C7800003678F /* BiomodelDetailsViewController.h */ = {isa = PBXFileReference; fileEncoding = 4; lastKnownFileType = sourcecode.c.h; path = BiomodelDetailsViewController.h; sourceTree = "<group>"; };
		545AF7DC1796C7810003678F /* BiomodelDetailsViewController.m */ = {isa = PBXFileReference; fileEncoding = 4; lastKnownFileType = sourcecode.c.objc; path = BiomodelDetailsViewController.m; sourceTree = "<group>"; };
		54608B101779ADDA0004C4D9 /* SimJobsFiltersController.h */ = {isa = PBXFileReference; fileEncoding = 4; lastKnownFileType = sourcecode.c.h; path = SimJobsFiltersController.h; sourceTree = "<group>"; };
		54608B111779ADDA0004C4D9 /* SimJobsFiltersController.m */ = {isa = PBXFileReference; fileEncoding = 4; lastKnownFileType = sourcecode.c.objc; path = SimJobsFiltersController.m; sourceTree = "<group>"; };
		54608B131779BC320004C4D9 /* SimJobsFiltersDetail.h */ = {isa = PBXFileReference; fileEncoding = 4; lastKnownFileType = sourcecode.c.h; path = SimJobsFiltersDetail.h; sourceTree = "<group>"; };
		54608B141779BC320004C4D9 /* SimJobsFiltersDetail.m */ = {isa = PBXFileReference; fileEncoding = 4; lastKnownFileType = sourcecode.c.objc; path = SimJobsFiltersDetail.m; sourceTree = "<group>"; };
		5467C05E17674804002A5CC9 /* SimJobCell.h */ = {isa = PBXFileReference; fileEncoding = 4; lastKnownFileType = sourcecode.c.h; path = SimJobCell.h; sourceTree = "<group>"; };
		5467C05F17674804002A5CC9 /* SimJobCell.m */ = {isa = PBXFileReference; fileEncoding = 4; lastKnownFileType = sourcecode.c.objc; path = SimJobCell.m; sourceTree = "<group>"; };
		5492E32717DB58EC00CABA4F /* RegisterationViewController.h */ = {isa = PBXFileReference; fileEncoding = 4; lastKnownFileType = sourcecode.c.h; path = RegisterationViewController.h; sourceTree = "<group>"; };
		5492E32817DB58EC00CABA4F /* RegisterationViewController.m */ = {isa = PBXFileReference; fileEncoding = 4; lastKnownFileType = sourcecode.c.objc; path = RegisterationViewController.m; sourceTree = "<group>"; };
		54C2F4A4177FDEE700FEB6B9 /* CorePlot-CocoaTouch.h */ = {isa = PBXFileReference; fileEncoding = 4; lastKnownFileType = sourcecode.c.h; path = "CorePlot-CocoaTouch.h"; sourceTree = "<group>"; };
		54C2F4A5177FDEE700FEB6B9 /* CPTAnimation.h */ = {isa = PBXFileReference; fileEncoding = 4; lastKnownFileType = sourcecode.c.h; path = CPTAnimation.h; sourceTree = "<group>"; };
		54C2F4A6177FDEE700FEB6B9 /* CPTAnimationOperation.h */ = {isa = PBXFileReference; fileEncoding = 4; lastKnownFileType = sourcecode.c.h; path = CPTAnimationOperation.h; sourceTree = "<group>"; };
		54C2F4A7177FDEE700FEB6B9 /* CPTAnimationPeriod.h */ = {isa = PBXFileReference; fileEncoding = 4; lastKnownFileType = sourcecode.c.h; path = CPTAnimationPeriod.h; sourceTree = "<group>"; };
		54C2F4A8177FDEE700FEB6B9 /* CPTAnnotation.h */ = {isa = PBXFileReference; fileEncoding = 4; lastKnownFileType = sourcecode.c.h; path = CPTAnnotation.h; sourceTree = "<group>"; };
		54C2F4A9177FDEE700FEB6B9 /* CPTAnnotationHostLayer.h */ = {isa = PBXFileReference; fileEncoding = 4; lastKnownFileType = sourcecode.c.h; path = CPTAnnotationHostLayer.h; sourceTree = "<group>"; };
		54C2F4AA177FDEE700FEB6B9 /* CPTAxis.h */ = {isa = PBXFileReference; fileEncoding = 4; lastKnownFileType = sourcecode.c.h; path = CPTAxis.h; sourceTree = "<group>"; };
		54C2F4AB177FDEE700FEB6B9 /* CPTAxisLabel.h */ = {isa = PBXFileReference; fileEncoding = 4; lastKnownFileType = sourcecode.c.h; path = CPTAxisLabel.h; sourceTree = "<group>"; };
		54C2F4AC177FDEE700FEB6B9 /* CPTAxisLabelGroup.h */ = {isa = PBXFileReference; fileEncoding = 4; lastKnownFileType = sourcecode.c.h; path = CPTAxisLabelGroup.h; sourceTree = "<group>"; };
		54C2F4AD177FDEE700FEB6B9 /* CPTAxisSet.h */ = {isa = PBXFileReference; fileEncoding = 4; lastKnownFileType = sourcecode.c.h; path = CPTAxisSet.h; sourceTree = "<group>"; };
		54C2F4AE177FDEE700FEB6B9 /* CPTAxisTitle.h */ = {isa = PBXFileReference; fileEncoding = 4; lastKnownFileType = sourcecode.c.h; path = CPTAxisTitle.h; sourceTree = "<group>"; };
		54C2F4AF177FDEE700FEB6B9 /* CPTBarPlot.h */ = {isa = PBXFileReference; fileEncoding = 4; lastKnownFileType = sourcecode.c.h; path = CPTBarPlot.h; sourceTree = "<group>"; };
		54C2F4B0177FDEE700FEB6B9 /* CPTBorderedLayer.h */ = {isa = PBXFileReference; fileEncoding = 4; lastKnownFileType = sourcecode.c.h; path = CPTBorderedLayer.h; sourceTree = "<group>"; };
		54C2F4B1177FDEE700FEB6B9 /* CPTCalendarFormatter.h */ = {isa = PBXFileReference; fileEncoding = 4; lastKnownFileType = sourcecode.c.h; path = CPTCalendarFormatter.h; sourceTree = "<group>"; };
		54C2F4B2177FDEE700FEB6B9 /* CPTColor.h */ = {isa = PBXFileReference; fileEncoding = 4; lastKnownFileType = sourcecode.c.h; path = CPTColor.h; sourceTree = "<group>"; };
		54C2F4B3177FDEE700FEB6B9 /* CPTColorSpace.h */ = {isa = PBXFileReference; fileEncoding = 4; lastKnownFileType = sourcecode.c.h; path = CPTColorSpace.h; sourceTree = "<group>"; };
		54C2F4B4177FDEE700FEB6B9 /* CPTConstraints.h */ = {isa = PBXFileReference; fileEncoding = 4; lastKnownFileType = sourcecode.c.h; path = CPTConstraints.h; sourceTree = "<group>"; };
		54C2F4B5177FDEE700FEB6B9 /* CPTDataSourceTestCase.h */ = {isa = PBXFileReference; fileEncoding = 4; lastKnownFileType = sourcecode.c.h; path = CPTDataSourceTestCase.h; sourceTree = "<group>"; };
		54C2F4B6177FDEE700FEB6B9 /* CPTDefinitions.h */ = {isa = PBXFileReference; fileEncoding = 4; lastKnownFileType = sourcecode.c.h; path = CPTDefinitions.h; sourceTree = "<group>"; };
		54C2F4B7177FDEE700FEB6B9 /* CPTDerivedXYGraph.h */ = {isa = PBXFileReference; fileEncoding = 4; lastKnownFileType = sourcecode.c.h; path = CPTDerivedXYGraph.h; sourceTree = "<group>"; };
		54C2F4B8177FDEE700FEB6B9 /* CPTExceptions.h */ = {isa = PBXFileReference; fileEncoding = 4; lastKnownFileType = sourcecode.c.h; path = CPTExceptions.h; sourceTree = "<group>"; };
		54C2F4B9177FDEE700FEB6B9 /* CPTFill.h */ = {isa = PBXFileReference; fileEncoding = 4; lastKnownFileType = sourcecode.c.h; path = CPTFill.h; sourceTree = "<group>"; };
		54C2F4BA177FDEE700FEB6B9 /* CPTGradient.h */ = {isa = PBXFileReference; fileEncoding = 4; lastKnownFileType = sourcecode.c.h; path = CPTGradient.h; sourceTree = "<group>"; };
		54C2F4BB177FDEE700FEB6B9 /* CPTGraph.h */ = {isa = PBXFileReference; fileEncoding = 4; lastKnownFileType = sourcecode.c.h; path = CPTGraph.h; sourceTree = "<group>"; };
		54C2F4BC177FDEE700FEB6B9 /* CPTGraphHostingView.h */ = {isa = PBXFileReference; fileEncoding = 4; lastKnownFileType = sourcecode.c.h; path = CPTGraphHostingView.h; sourceTree = "<group>"; };
		54C2F4BD177FDEE700FEB6B9 /* CPTGridLineGroup.h */ = {isa = PBXFileReference; fileEncoding = 4; lastKnownFileType = sourcecode.c.h; path = CPTGridLineGroup.h; sourceTree = "<group>"; };
		54C2F4BE177FDEE700FEB6B9 /* CPTGridLines.h */ = {isa = PBXFileReference; fileEncoding = 4; lastKnownFileType = sourcecode.c.h; path = CPTGridLines.h; sourceTree = "<group>"; };
		54C2F4BF177FDEE700FEB6B9 /* CPTImage.h */ = {isa = PBXFileReference; fileEncoding = 4; lastKnownFileType = sourcecode.c.h; path = CPTImage.h; sourceTree = "<group>"; };
		54C2F4C0177FDEE700FEB6B9 /* CPTLayer.h */ = {isa = PBXFileReference; fileEncoding = 4; lastKnownFileType = sourcecode.c.h; path = CPTLayer.h; sourceTree = "<group>"; };
		54C2F4C1177FDEE700FEB6B9 /* CPTLayerAnnotation.h */ = {isa = PBXFileReference; fileEncoding = 4; lastKnownFileType = sourcecode.c.h; path = CPTLayerAnnotation.h; sourceTree = "<group>"; };
		54C2F4C2177FDEE700FEB6B9 /* CPTLegend.h */ = {isa = PBXFileReference; fileEncoding = 4; lastKnownFileType = sourcecode.c.h; path = CPTLegend.h; sourceTree = "<group>"; };
		54C2F4C3177FDEE700FEB6B9 /* CPTLegendEntry.h */ = {isa = PBXFileReference; fileEncoding = 4; lastKnownFileType = sourcecode.c.h; path = CPTLegendEntry.h; sourceTree = "<group>"; };
		54C2F4C4177FDEE700FEB6B9 /* CPTLimitBand.h */ = {isa = PBXFileReference; fileEncoding = 4; lastKnownFileType = sourcecode.c.h; path = CPTLimitBand.h; sourceTree = "<group>"; };
		54C2F4C5177FDEE700FEB6B9 /* CPTLineCap.h */ = {isa = PBXFileReference; fileEncoding = 4; lastKnownFileType = sourcecode.c.h; path = CPTLineCap.h; sourceTree = "<group>"; };
		54C2F4C6177FDEE700FEB6B9 /* CPTLineStyle.h */ = {isa = PBXFileReference; fileEncoding = 4; lastKnownFileType = sourcecode.c.h; path = CPTLineStyle.h; sourceTree = "<group>"; };
		54C2F4C7177FDEE700FEB6B9 /* CPTMutableLineStyle.h */ = {isa = PBXFileReference; fileEncoding = 4; lastKnownFileType = sourcecode.c.h; path = CPTMutableLineStyle.h; sourceTree = "<group>"; };
		54C2F4C8177FDEE700FEB6B9 /* CPTMutableNumericData+TypeConversion.h */ = {isa = PBXFileReference; fileEncoding = 4; lastKnownFileType = sourcecode.c.h; path = "CPTMutableNumericData+TypeConversion.h"; sourceTree = "<group>"; };
		54C2F4C9177FDEE700FEB6B9 /* CPTMutableNumericData.h */ = {isa = PBXFileReference; fileEncoding = 4; lastKnownFileType = sourcecode.c.h; path = CPTMutableNumericData.h; sourceTree = "<group>"; };
		54C2F4CA177FDEE700FEB6B9 /* CPTMutablePlotRange.h */ = {isa = PBXFileReference; fileEncoding = 4; lastKnownFileType = sourcecode.c.h; path = CPTMutablePlotRange.h; sourceTree = "<group>"; };
		54C2F4CB177FDEE700FEB6B9 /* CPTMutableShadow.h */ = {isa = PBXFileReference; fileEncoding = 4; lastKnownFileType = sourcecode.c.h; path = CPTMutableShadow.h; sourceTree = "<group>"; };
		54C2F4CC177FDEE700FEB6B9 /* CPTMutableTextStyle.h */ = {isa = PBXFileReference; fileEncoding = 4; lastKnownFileType = sourcecode.c.h; path = CPTMutableTextStyle.h; sourceTree = "<group>"; };
		54C2F4CD177FDEE700FEB6B9 /* CPTNumericData+TypeConversion.h */ = {isa = PBXFileReference; fileEncoding = 4; lastKnownFileType = sourcecode.c.h; path = "CPTNumericData+TypeConversion.h"; sourceTree = "<group>"; };
		54C2F4CE177FDEE700FEB6B9 /* CPTNumericData.h */ = {isa = PBXFileReference; fileEncoding = 4; lastKnownFileType = sourcecode.c.h; path = CPTNumericData.h; sourceTree = "<group>"; };
		54C2F4CF177FDEE700FEB6B9 /* CPTNumericDataType.h */ = {isa = PBXFileReference; fileEncoding = 4; lastKnownFileType = sourcecode.c.h; path = CPTNumericDataType.h; sourceTree = "<group>"; };
		54C2F4D0177FDEE700FEB6B9 /* CPTPathExtensions.h */ = {isa = PBXFileReference; fileEncoding = 4; lastKnownFileType = sourcecode.c.h; path = CPTPathExtensions.h; sourceTree = "<group>"; };
		54C2F4D1177FDEE700FEB6B9 /* CPTPieChart.h */ = {isa = PBXFileReference; fileEncoding = 4; lastKnownFileType = sourcecode.c.h; path = CPTPieChart.h; sourceTree = "<group>"; };
		54C2F4D2177FDEE700FEB6B9 /* CPTPlatformSpecificCategories.h */ = {isa = PBXFileReference; fileEncoding = 4; lastKnownFileType = sourcecode.c.h; path = CPTPlatformSpecificCategories.h; sourceTree = "<group>"; };
		54C2F4D3177FDEE700FEB6B9 /* CPTPlatformSpecificDefines.h */ = {isa = PBXFileReference; fileEncoding = 4; lastKnownFileType = sourcecode.c.h; path = CPTPlatformSpecificDefines.h; sourceTree = "<group>"; };
		54C2F4D4177FDEE700FEB6B9 /* CPTPlatformSpecificFunctions.h */ = {isa = PBXFileReference; fileEncoding = 4; lastKnownFileType = sourcecode.c.h; path = CPTPlatformSpecificFunctions.h; sourceTree = "<group>"; };
		54C2F4D5177FDEE700FEB6B9 /* CPTPlot.h */ = {isa = PBXFileReference; fileEncoding = 4; lastKnownFileType = sourcecode.c.h; path = CPTPlot.h; sourceTree = "<group>"; };
		54C2F4D6177FDEE700FEB6B9 /* CPTPlotArea.h */ = {isa = PBXFileReference; fileEncoding = 4; lastKnownFileType = sourcecode.c.h; path = CPTPlotArea.h; sourceTree = "<group>"; };
		54C2F4D7177FDEE700FEB6B9 /* CPTPlotAreaFrame.h */ = {isa = PBXFileReference; fileEncoding = 4; lastKnownFileType = sourcecode.c.h; path = CPTPlotAreaFrame.h; sourceTree = "<group>"; };
		54C2F4D8177FDEE700FEB6B9 /* CPTPlotGroup.h */ = {isa = PBXFileReference; fileEncoding = 4; lastKnownFileType = sourcecode.c.h; path = CPTPlotGroup.h; sourceTree = "<group>"; };
		54C2F4D9177FDEE700FEB6B9 /* CPTPlotRange.h */ = {isa = PBXFileReference; fileEncoding = 4; lastKnownFileType = sourcecode.c.h; path = CPTPlotRange.h; sourceTree = "<group>"; };
		54C2F4DA177FDEE700FEB6B9 /* CPTPlotSpace.h */ = {isa = PBXFileReference; fileEncoding = 4; lastKnownFileType = sourcecode.c.h; path = CPTPlotSpace.h; sourceTree = "<group>"; };
		54C2F4DB177FDEE700FEB6B9 /* CPTPlotSpaceAnnotation.h */ = {isa = PBXFileReference; fileEncoding = 4; lastKnownFileType = sourcecode.c.h; path = CPTPlotSpaceAnnotation.h; sourceTree = "<group>"; };
		54C2F4DC177FDEE700FEB6B9 /* CPTPlotSymbol.h */ = {isa = PBXFileReference; fileEncoding = 4; lastKnownFileType = sourcecode.c.h; path = CPTPlotSymbol.h; sourceTree = "<group>"; };
		54C2F4DD177FDEE700FEB6B9 /* CPTRangePlot.h */ = {isa = PBXFileReference; fileEncoding = 4; lastKnownFileType = sourcecode.c.h; path = CPTRangePlot.h; sourceTree = "<group>"; };
		54C2F4DE177FDEE700FEB6B9 /* CPTResponder.h */ = {isa = PBXFileReference; fileEncoding = 4; lastKnownFileType = sourcecode.c.h; path = CPTResponder.h; sourceTree = "<group>"; };
		54C2F4DF177FDEE700FEB6B9 /* CPTScatterPlot.h */ = {isa = PBXFileReference; fileEncoding = 4; lastKnownFileType = sourcecode.c.h; path = CPTScatterPlot.h; sourceTree = "<group>"; };
		54C2F4E0177FDEE700FEB6B9 /* CPTShadow.h */ = {isa = PBXFileReference; fileEncoding = 4; lastKnownFileType = sourcecode.c.h; path = CPTShadow.h; sourceTree = "<group>"; };
		54C2F4E1177FDEE700FEB6B9 /* CPTTestCase.h */ = {isa = PBXFileReference; fileEncoding = 4; lastKnownFileType = sourcecode.c.h; path = CPTTestCase.h; sourceTree = "<group>"; };
		54C2F4E2177FDEE700FEB6B9 /* CPTTextLayer.h */ = {isa = PBXFileReference; fileEncoding = 4; lastKnownFileType = sourcecode.c.h; path = CPTTextLayer.h; sourceTree = "<group>"; };
		54C2F4E3177FDEE700FEB6B9 /* CPTTextStyle.h */ = {isa = PBXFileReference; fileEncoding = 4; lastKnownFileType = sourcecode.c.h; path = CPTTextStyle.h; sourceTree = "<group>"; };
		54C2F4E4177FDEE700FEB6B9 /* CPTTextStylePlatformSpecific.h */ = {isa = PBXFileReference; fileEncoding = 4; lastKnownFileType = sourcecode.c.h; path = CPTTextStylePlatformSpecific.h; sourceTree = "<group>"; };
		54C2F4E5177FDEE700FEB6B9 /* CPTTheme.h */ = {isa = PBXFileReference; fileEncoding = 4; lastKnownFileType = sourcecode.c.h; path = CPTTheme.h; sourceTree = "<group>"; };
		54C2F4E6177FDEE700FEB6B9 /* CPTTimeFormatter.h */ = {isa = PBXFileReference; fileEncoding = 4; lastKnownFileType = sourcecode.c.h; path = CPTTimeFormatter.h; sourceTree = "<group>"; };
		54C2F4E7177FDEE700FEB6B9 /* CPTTradingRangePlot.h */ = {isa = PBXFileReference; fileEncoding = 4; lastKnownFileType = sourcecode.c.h; path = CPTTradingRangePlot.h; sourceTree = "<group>"; };
		54C2F4E8177FDEE700FEB6B9 /* CPTUtilities.h */ = {isa = PBXFileReference; fileEncoding = 4; lastKnownFileType = sourcecode.c.h; path = CPTUtilities.h; sourceTree = "<group>"; };
		54C2F4E9177FDEE700FEB6B9 /* CPTXYAxis.h */ = {isa = PBXFileReference; fileEncoding = 4; lastKnownFileType = sourcecode.c.h; path = CPTXYAxis.h; sourceTree = "<group>"; };
		54C2F4EA177FDEE700FEB6B9 /* CPTXYAxisSet.h */ = {isa = PBXFileReference; fileEncoding = 4; lastKnownFileType = sourcecode.c.h; path = CPTXYAxisSet.h; sourceTree = "<group>"; };
		54C2F4EB177FDEE700FEB6B9 /* CPTXYGraph.h */ = {isa = PBXFileReference; fileEncoding = 4; lastKnownFileType = sourcecode.c.h; path = CPTXYGraph.h; sourceTree = "<group>"; };
		54C2F4EC177FDEE700FEB6B9 /* CPTXYPlotSpace.h */ = {isa = PBXFileReference; fileEncoding = 4; lastKnownFileType = sourcecode.c.h; path = CPTXYPlotSpace.h; sourceTree = "<group>"; };
		54C2F4ED177FDEE700FEB6B9 /* mainpage.h */ = {isa = PBXFileReference; fileEncoding = 4; lastKnownFileType = sourcecode.c.h; path = mainpage.h; sourceTree = "<group>"; };
		54C2F4EE177FDEE700FEB6B9 /* NSCoderExtensions.h */ = {isa = PBXFileReference; fileEncoding = 4; lastKnownFileType = sourcecode.c.h; path = NSCoderExtensions.h; sourceTree = "<group>"; };
		54C2F4EF177FDEE700FEB6B9 /* NSDecimalNumberExtensions.h */ = {isa = PBXFileReference; fileEncoding = 4; lastKnownFileType = sourcecode.c.h; path = NSDecimalNumberExtensions.h; sourceTree = "<group>"; };
		54C2F4F0177FDEE700FEB6B9 /* NSNumberExtensions.h */ = {isa = PBXFileReference; fileEncoding = 4; lastKnownFileType = sourcecode.c.h; path = NSNumberExtensions.h; sourceTree = "<group>"; };
		54C2F4F1177FDEE700FEB6B9 /* libCorePlot-CocoaTouch.a */ = {isa = PBXFileReference; lastKnownFileType = archive.ar; path = "libCorePlot-CocoaTouch.a"; sourceTree = "<group>"; };
		54C2F4F3177FDF2500FEB6B9 /* QuartzCore.framework */ = {isa = PBXFileReference; lastKnownFileType = wrapper.framework; name = QuartzCore.framework; path = System/Library/Frameworks/QuartzCore.framework; sourceTree = SDKROOT; };
		54C2F4F617800D9400FEB6B9 /* SimGraph.h */ = {isa = PBXFileReference; fileEncoding = 4; lastKnownFileType = sourcecode.c.h; path = SimGraph.h; sourceTree = "<group>"; };
		54C2F4F717800D9400FEB6B9 /* SimGraph.m */ = {isa = PBXFileReference; fileEncoding = 4; lastKnownFileType = sourcecode.c.objc; path = SimGraph.m; sourceTree = "<group>"; };
		54C2F4F9178033BC00FEB6B9 /* GraphAxisSelectController.h */ = {isa = PBXFileReference; fileEncoding = 4; lastKnownFileType = sourcecode.c.h; path = GraphAxisSelectController.h; sourceTree = "<group>"; };
		54C2F4FA178033BC00FEB6B9 /* GraphAxisSelectController.m */ = {isa = PBXFileReference; fileEncoding = 4; lastKnownFileType = sourcecode.c.objc; path = GraphAxisSelectController.m; sourceTree = "<group>"; };
		54DA31741764B8900020D2B5 /* VCell.app */ = {isa = PBXFileReference; explicitFileType = wrapper.application; includeInIndex = 0; path = VCell.app; sourceTree = BUILT_PRODUCTS_DIR; };
		54DA31771764B8900020D2B5 /* UIKit.framework */ = {isa = PBXFileReference; lastKnownFileType = wrapper.framework; name = UIKit.framework; path = System/Library/Frameworks/UIKit.framework; sourceTree = SDKROOT; };
		54DA31791764B8900020D2B5 /* Foundation.framework */ = {isa = PBXFileReference; lastKnownFileType = wrapper.framework; name = Foundation.framework; path = System/Library/Frameworks/Foundation.framework; sourceTree = SDKROOT; };
		54DA317B1764B8900020D2B5 /* CoreGraphics.framework */ = {isa = PBXFileReference; lastKnownFileType = wrapper.framework; name = CoreGraphics.framework; path = System/Library/Frameworks/CoreGraphics.framework; sourceTree = SDKROOT; };
		54DA317F1764B8900020D2B5 /* VCell-Info.plist */ = {isa = PBXFileReference; lastKnownFileType = text.plist.xml; path = "VCell-Info.plist"; sourceTree = "<group>"; };
		54DA31811764B8900020D2B5 /* en */ = {isa = PBXFileReference; lastKnownFileType = text.plist.strings; name = en; path = en.lproj/InfoPlist.strings; sourceTree = "<group>"; };
		54DA31831764B8900020D2B5 /* main.m */ = {isa = PBXFileReference; lastKnownFileType = sourcecode.c.objc; path = main.m; sourceTree = "<group>"; };
		54DA31851764B8900020D2B5 /* VCell-Prefix.pch */ = {isa = PBXFileReference; lastKnownFileType = sourcecode.c.h; path = "VCell-Prefix.pch"; sourceTree = "<group>"; };
		54DA31861764B8900020D2B5 /* AppDelegate.h */ = {isa = PBXFileReference; lastKnownFileType = sourcecode.c.h; path = AppDelegate.h; sourceTree = "<group>"; };
		54DA31871764B8900020D2B5 /* AppDelegate.m */ = {isa = PBXFileReference; lastKnownFileType = sourcecode.c.objc; path = AppDelegate.m; sourceTree = "<group>"; };
		54DA31891764B8900020D2B5 /* Default.png */ = {isa = PBXFileReference; lastKnownFileType = image.png; path = Default.png; sourceTree = "<group>"; };
		54DA318B1764B8900020D2B5 /* Default@2x.png */ = {isa = PBXFileReference; lastKnownFileType = image.png; path = "Default@2x.png"; sourceTree = "<group>"; };
		54DA318D1764B8900020D2B5 /* Default-568h@2x.png */ = {isa = PBXFileReference; lastKnownFileType = image.png; path = "Default-568h@2x.png"; sourceTree = "<group>"; };
		54DA31901764B8900020D2B5 /* en */ = {isa = PBXFileReference; lastKnownFileType = file.storyboard; name = en; path = en.lproj/MainStoryboard_iPhone.storyboard; sourceTree = "<group>"; };
		54DA31931764B8900020D2B5 /* en */ = {isa = PBXFileReference; lastKnownFileType = file.storyboard; name = en; path = en.lproj/MainStoryboard_iPad.storyboard; sourceTree = "<group>"; };
		54DA31951764B8900020D2B5 /* SimJobController.h */ = {isa = PBXFileReference; lastKnownFileType = sourcecode.c.h; path = SimJobController.h; sourceTree = "<group>"; };
		54DA31961764B8900020D2B5 /* SimJobController.m */ = {isa = PBXFileReference; lastKnownFileType = sourcecode.c.objc; path = SimJobController.m; sourceTree = "<group>"; };
		54DA31981764B8900020D2B5 /* first.png */ = {isa = PBXFileReference; lastKnownFileType = image.png; path = first.png; sourceTree = "<group>"; };
		54DA319A1764B8900020D2B5 /* first@2x.png */ = {isa = PBXFileReference; lastKnownFileType = image.png; path = "first@2x.png"; sourceTree = "<group>"; };
		54DA319C1764B8900020D2B5 /* GraphViewController.h */ = {isa = PBXFileReference; lastKnownFileType = sourcecode.c.h; path = GraphViewController.h; sourceTree = "<group>"; };
		54DA319D1764B8900020D2B5 /* GraphViewController.m */ = {isa = PBXFileReference; lastKnownFileType = sourcecode.c.objc; path = GraphViewController.m; sourceTree = "<group>"; };
		54DA319F1764B8900020D2B5 /* second.png */ = {isa = PBXFileReference; lastKnownFileType = image.png; path = second.png; sourceTree = "<group>"; };
		54DA31A11764B8900020D2B5 /* second@2x.png */ = {isa = PBXFileReference; lastKnownFileType = image.png; path = "second@2x.png"; sourceTree = "<group>"; };
		54DA31A81764B8900020D2B5 /* VCellTests.octest */ = {isa = PBXFileReference; explicitFileType = wrapper.cfbundle; includeInIndex = 0; path = VCellTests.octest; sourceTree = BUILT_PRODUCTS_DIR; };
		54DA31A91764B8900020D2B5 /* SenTestingKit.framework */ = {isa = PBXFileReference; lastKnownFileType = wrapper.framework; name = SenTestingKit.framework; path = Library/Frameworks/SenTestingKit.framework; sourceTree = DEVELOPER_DIR; };
		54DA31B11764B8900020D2B5 /* VCellTests-Info.plist */ = {isa = PBXFileReference; lastKnownFileType = text.plist.xml; path = "VCellTests-Info.plist"; sourceTree = "<group>"; };
		54DA31B31764B8900020D2B5 /* en */ = {isa = PBXFileReference; lastKnownFileType = text.plist.strings; name = en; path = en.lproj/InfoPlist.strings; sourceTree = "<group>"; };
		54DA31B51764B8900020D2B5 /* VCellTests.h */ = {isa = PBXFileReference; lastKnownFileType = sourcecode.c.h; path = VCellTests.h; sourceTree = "<group>"; };
		54DA31B61764B8900020D2B5 /* VCellTests.m */ = {isa = PBXFileReference; lastKnownFileType = sourcecode.c.objc; path = VCellTests.m; sourceTree = "<group>"; };
		54DD491817AD24EB00E27B2D /* BiomodelCell.h */ = {isa = PBXFileReference; fileEncoding = 4; lastKnownFileType = sourcecode.c.h; path = BiomodelCell.h; sourceTree = "<group>"; };
		54DD491917AD24EB00E27B2D /* BiomodelCell.m */ = {isa = PBXFileReference; fileEncoding = 4; lastKnownFileType = sourcecode.c.objc; path = BiomodelCell.m; sourceTree = "<group>"; };
		54DD491B17AD2C9600E27B2D /* BiomodelCell.xib */ = {isa = PBXFileReference; fileEncoding = 4; lastKnownFileType = file.xib; path = BiomodelCell.xib; sourceTree = "<group>"; };
		54DD491D17AE588400E27B2D /* MBProgressHUD.h */ = {isa = PBXFileReference; fileEncoding = 4; lastKnownFileType = sourcecode.c.h; path = MBProgressHUD.h; sourceTree = "<group>"; };
		54DD491E17AE588400E27B2D /* MBProgressHUD.m */ = {isa = PBXFileReference; fileEncoding = 4; lastKnownFileType = sourcecode.c.objc; path = MBProgressHUD.m; sourceTree = "<group>"; };
		54EDA98917709B7100A32120 /* 37x-Checkmark.png */ = {isa = PBXFileReference; lastKnownFileType = image.png; path = "37x-Checkmark.png"; sourceTree = "<group>"; };
		54EDA98A17709B7100A32120 /* 37x-Checkmark@2x.png */ = {isa = PBXFileReference; lastKnownFileType = image.png; path = "37x-Checkmark@2x.png"; sourceTree = "<group>"; };
		54FB0FFF17BDE299005D671D /* AccessToken.h */ = {isa = PBXFileReference; fileEncoding = 4; lastKnownFileType = sourcecode.c.h; path = AccessToken.h; sourceTree = "<group>"; };
		54FB100017BDE299005D671D /* AccessToken.m */ = {isa = PBXFileReference; fileEncoding = 4; lastKnownFileType = sourcecode.c.objc; path = AccessToken.m; sourceTree = "<group>"; };
		54FB100217BDE72E005D671D /* LoginViewController.h */ = {isa = PBXFileReference; fileEncoding = 4; lastKnownFileType = sourcecode.c.h; path = LoginViewController.h; sourceTree = "<group>"; };
		54FB100317BDE72E005D671D /* LoginViewController.m */ = {isa = PBXFileReference; fileEncoding = 4; lastKnownFileType = sourcecode.c.objc; path = LoginViewController.m; sourceTree = "<group>"; };
/* End PBXFileReference section */

/* Begin PBXFrameworksBuildPhase section */
		54DA31711764B8900020D2B5 /* Frameworks */ = {
			isa = PBXFrameworksBuildPhase;
			buildActionMask = 2147483647;
			files = (
				545AF78C178ED36C0003678F /* CoreData.framework in Frameworks */,
				54C2F4F4177FDF2500FEB6B9 /* QuartzCore.framework in Frameworks */,
				54DA31781764B8900020D2B5 /* UIKit.framework in Frameworks */,
				54DA317A1764B8900020D2B5 /* Foundation.framework in Frameworks */,
				54DA317C1764B8900020D2B5 /* CoreGraphics.framework in Frameworks */,
				54C2F4F2177FDEE700FEB6B9 /* libCorePlot-CocoaTouch.a in Frameworks */,
			);
			runOnlyForDeploymentPostprocessing = 0;
		};
		54DA31A41764B8900020D2B5 /* Frameworks */ = {
			isa = PBXFrameworksBuildPhase;
			buildActionMask = 2147483647;
			files = (
				54DA31AA1764B8900020D2B5 /* SenTestingKit.framework in Frameworks */,
				54DA31AB1764B8900020D2B5 /* UIKit.framework in Frameworks */,
				54DA31AC1764B8900020D2B5 /* Foundation.framework in Frameworks */,
			);
			runOnlyForDeploymentPostprocessing = 0;
		};
/* End PBXFrameworksBuildPhase section */

/* Begin PBXGroup section */
		54097FA41774A54D00AA6AE2 /* Resources */ = {
			isa = PBXGroup;
			children = (
				541BD297177193DD00E82846 /* greyButton.png */,
				541BD298177193DD00E82846 /* greyButton@2x.png */,
				541BD29B177193F100E82846 /* greyButtonHighlight.png */,
				541BD29C177193F100E82846 /* greyButtonHighlight@2x.png */,
				540AAC5E1772FD73007C4DCF /* dot.png */,
				540AAC5F1772FD74007C4DCF /* dot@2x.png */,
				54DA31981764B8900020D2B5 /* first.png */,
				54DA319A1764B8900020D2B5 /* first@2x.png */,
				54EDA98917709B7100A32120 /* 37x-Checkmark.png */,
				54EDA98A17709B7100A32120 /* 37x-Checkmark@2x.png */,
				54DA319F1764B8900020D2B5 /* second.png */,
				54DA31A11764B8900020D2B5 /* second@2x.png */,
			);
			name = Resources;
			sourceTree = "<group>";
		};
		543721E3176DFB7100AFC35F /* First Tab - SimJob */ = {
			isa = PBXGroup;
			children = (
				54DA31951764B8900020D2B5 /* SimJobController.h */,
				54DA31961764B8900020D2B5 /* SimJobController.m */,
				54419AE5177B48EE00D10E30 /* SimJobDetailsController.h */,
				54419AE6177B48EE00D10E30 /* SimJobDetailsController.m */,
				544CE0C81765E13600F69C45 /* SimJob.h */,
				544CE0C91765E13600F69C45 /* SimJob.m */,
				54C2F4F517800D2400FEB6B9 /* Graph */,
				54419AE4177B48BB00D10E30 /* Filters */,
				54419AE3177B48B100D10E30 /* Custom Cells */,
			);
			name = "First Tab - SimJob";
			sourceTree = "<group>";
		};
		54419AE3177B48B100D10E30 /* Custom Cells */ = {
			isa = PBXGroup;
			children = (
				540C37941771F68F00D95990 /* SimJobCell.xib */,
				5467C05E17674804002A5CC9 /* SimJobCell.h */,
				5467C05F17674804002A5CC9 /* SimJobCell.m */,
				540AAC5B1772D482007C4DCF /* SimJobButtonCell.h */,
				540AAC5C1772D482007C4DCF /* SimJobButtonCell.m */,
			);
			name = "Custom Cells";
			sourceTree = "<group>";
		};
		54419AE4177B48BB00D10E30 /* Filters */ = {
			isa = PBXGroup;
			children = (
				54608B101779ADDA0004C4D9 /* SimJobsFiltersController.h */,
				54608B111779ADDA0004C4D9 /* SimJobsFiltersController.m */,
				54608B131779BC320004C4D9 /* SimJobsFiltersDetail.h */,
				54608B141779BC320004C4D9 /* SimJobsFiltersDetail.m */,
			);
			name = Filters;
			sourceTree = "<group>";
		};
		545AF783178E8A260003678F /* Second Tab - Biomodel */ = {
			isa = PBXGroup;
			children = (
				545AF780178E8A1A0003678F /* BiomodelViewController.h */,
				545AF781178E8A1A0003678F /* BiomodelViewController.m */,
				54DD491817AD24EB00E27B2D /* BiomodelCell.h */,
				54DD491917AD24EB00E27B2D /* BiomodelCell.m */,
				54DD491B17AD2C9600E27B2D /* BiomodelCell.xib */,
				545AF784178EA6DA0003678F /* BioModel.xcdatamodeld */,
				545AF7DB1796C7800003678F /* BiomodelDetailsViewController.h */,
				545AF7DC1796C7810003678F /* BiomodelDetailsViewController.m */,
				545AF7A8178EE0C20003678F /* Models */,
			);
			name = "Second Tab - Biomodel";
			sourceTree = "<group>";
		};
		545AF7A8178EE0C20003678F /* Models */ = {
			isa = PBXGroup;
			children = (
				545AF7D3178F21100003678F /* Biomodel.h */,
				545AF7D4178F21100003678F /* Biomodel.m */,
				545AF7D0178F21100003678F /* Application.h */,
				545AF7D1178F21100003678F /* Application.m */,
				545AF7CE178F21100003678F /* Simulation.m */,
				545AF7CD178F21100003678F /* Simulation.h */,
			);
			name = Models;
			sourceTree = "<group>";
		};
		54C2F4A2177FDEA800FEB6B9 /* CorePlot */ = {
			isa = PBXGroup;
			children = (
				54C2F4A3177FDEE700FEB6B9 /* CorePlotHeaders */,
				54C2F4F1177FDEE700FEB6B9 /* libCorePlot-CocoaTouch.a */,
			);
			name = CorePlot;
			sourceTree = "<group>";
		};
		54C2F4A3177FDEE700FEB6B9 /* CorePlotHeaders */ = {
			isa = PBXGroup;
			children = (
				54C2F4A4177FDEE700FEB6B9 /* CorePlot-CocoaTouch.h */,
				54C2F4A5177FDEE700FEB6B9 /* CPTAnimation.h */,
				54C2F4A6177FDEE700FEB6B9 /* CPTAnimationOperation.h */,
				54C2F4A7177FDEE700FEB6B9 /* CPTAnimationPeriod.h */,
				54C2F4A8177FDEE700FEB6B9 /* CPTAnnotation.h */,
				54C2F4A9177FDEE700FEB6B9 /* CPTAnnotationHostLayer.h */,
				54C2F4AA177FDEE700FEB6B9 /* CPTAxis.h */,
				54C2F4AB177FDEE700FEB6B9 /* CPTAxisLabel.h */,
				54C2F4AC177FDEE700FEB6B9 /* CPTAxisLabelGroup.h */,
				54C2F4AD177FDEE700FEB6B9 /* CPTAxisSet.h */,
				54C2F4AE177FDEE700FEB6B9 /* CPTAxisTitle.h */,
				54C2F4AF177FDEE700FEB6B9 /* CPTBarPlot.h */,
				54C2F4B0177FDEE700FEB6B9 /* CPTBorderedLayer.h */,
				54C2F4B1177FDEE700FEB6B9 /* CPTCalendarFormatter.h */,
				54C2F4B2177FDEE700FEB6B9 /* CPTColor.h */,
				54C2F4B3177FDEE700FEB6B9 /* CPTColorSpace.h */,
				54C2F4B4177FDEE700FEB6B9 /* CPTConstraints.h */,
				54C2F4B5177FDEE700FEB6B9 /* CPTDataSourceTestCase.h */,
				54C2F4B6177FDEE700FEB6B9 /* CPTDefinitions.h */,
				54C2F4B7177FDEE700FEB6B9 /* CPTDerivedXYGraph.h */,
				54C2F4B8177FDEE700FEB6B9 /* CPTExceptions.h */,
				54C2F4B9177FDEE700FEB6B9 /* CPTFill.h */,
				54C2F4BA177FDEE700FEB6B9 /* CPTGradient.h */,
				54C2F4BB177FDEE700FEB6B9 /* CPTGraph.h */,
				54C2F4BC177FDEE700FEB6B9 /* CPTGraphHostingView.h */,
				54C2F4BD177FDEE700FEB6B9 /* CPTGridLineGroup.h */,
				54C2F4BE177FDEE700FEB6B9 /* CPTGridLines.h */,
				54C2F4BF177FDEE700FEB6B9 /* CPTImage.h */,
				54C2F4C0177FDEE700FEB6B9 /* CPTLayer.h */,
				54C2F4C1177FDEE700FEB6B9 /* CPTLayerAnnotation.h */,
				54C2F4C2177FDEE700FEB6B9 /* CPTLegend.h */,
				54C2F4C3177FDEE700FEB6B9 /* CPTLegendEntry.h */,
				54C2F4C4177FDEE700FEB6B9 /* CPTLimitBand.h */,
				54C2F4C5177FDEE700FEB6B9 /* CPTLineCap.h */,
				54C2F4C6177FDEE700FEB6B9 /* CPTLineStyle.h */,
				54C2F4C7177FDEE700FEB6B9 /* CPTMutableLineStyle.h */,
				54C2F4C8177FDEE700FEB6B9 /* CPTMutableNumericData+TypeConversion.h */,
				54C2F4C9177FDEE700FEB6B9 /* CPTMutableNumericData.h */,
				54C2F4CA177FDEE700FEB6B9 /* CPTMutablePlotRange.h */,
				54C2F4CB177FDEE700FEB6B9 /* CPTMutableShadow.h */,
				54C2F4CC177FDEE700FEB6B9 /* CPTMutableTextStyle.h */,
				54C2F4CD177FDEE700FEB6B9 /* CPTNumericData+TypeConversion.h */,
				54C2F4CE177FDEE700FEB6B9 /* CPTNumericData.h */,
				54C2F4CF177FDEE700FEB6B9 /* CPTNumericDataType.h */,
				54C2F4D0177FDEE700FEB6B9 /* CPTPathExtensions.h */,
				54C2F4D1177FDEE700FEB6B9 /* CPTPieChart.h */,
				54C2F4D2177FDEE700FEB6B9 /* CPTPlatformSpecificCategories.h */,
				54C2F4D3177FDEE700FEB6B9 /* CPTPlatformSpecificDefines.h */,
				54C2F4D4177FDEE700FEB6B9 /* CPTPlatformSpecificFunctions.h */,
				54C2F4D5177FDEE700FEB6B9 /* CPTPlot.h */,
				54C2F4D6177FDEE700FEB6B9 /* CPTPlotArea.h */,
				54C2F4D7177FDEE700FEB6B9 /* CPTPlotAreaFrame.h */,
				54C2F4D8177FDEE700FEB6B9 /* CPTPlotGroup.h */,
				54C2F4D9177FDEE700FEB6B9 /* CPTPlotRange.h */,
				54C2F4DA177FDEE700FEB6B9 /* CPTPlotSpace.h */,
				54C2F4DB177FDEE700FEB6B9 /* CPTPlotSpaceAnnotation.h */,
				54C2F4DC177FDEE700FEB6B9 /* CPTPlotSymbol.h */,
				54C2F4DD177FDEE700FEB6B9 /* CPTRangePlot.h */,
				54C2F4DE177FDEE700FEB6B9 /* CPTResponder.h */,
				54C2F4DF177FDEE700FEB6B9 /* CPTScatterPlot.h */,
				54C2F4E0177FDEE700FEB6B9 /* CPTShadow.h */,
				54C2F4E1177FDEE700FEB6B9 /* CPTTestCase.h */,
				54C2F4E2177FDEE700FEB6B9 /* CPTTextLayer.h */,
				54C2F4E3177FDEE700FEB6B9 /* CPTTextStyle.h */,
				54C2F4E4177FDEE700FEB6B9 /* CPTTextStylePlatformSpecific.h */,
				54C2F4E5177FDEE700FEB6B9 /* CPTTheme.h */,
				54C2F4E6177FDEE700FEB6B9 /* CPTTimeFormatter.h */,
				54C2F4E7177FDEE700FEB6B9 /* CPTTradingRangePlot.h */,
				54C2F4E8177FDEE700FEB6B9 /* CPTUtilities.h */,
				54C2F4E9177FDEE700FEB6B9 /* CPTXYAxis.h */,
				54C2F4EA177FDEE700FEB6B9 /* CPTXYAxisSet.h */,
				54C2F4EB177FDEE700FEB6B9 /* CPTXYGraph.h */,
				54C2F4EC177FDEE700FEB6B9 /* CPTXYPlotSpace.h */,
				54C2F4ED177FDEE700FEB6B9 /* mainpage.h */,
				54C2F4EE177FDEE700FEB6B9 /* NSCoderExtensions.h */,
				54C2F4EF177FDEE700FEB6B9 /* NSDecimalNumberExtensions.h */,
				54C2F4F0177FDEE700FEB6B9 /* NSNumberExtensions.h */,
			);
			path = CorePlotHeaders;
			sourceTree = "<group>";
		};
		54C2F4F517800D2400FEB6B9 /* Graph */ = {
			isa = PBXGroup;
			children = (
				54C2F4F9178033BC00FEB6B9 /* GraphAxisSelectController.h */,
				54C2F4FA178033BC00FEB6B9 /* GraphAxisSelectController.m */,
				54DA319C1764B8900020D2B5 /* GraphViewController.h */,
				54DA319D1764B8900020D2B5 /* GraphViewController.m */,
				54C2F4F617800D9400FEB6B9 /* SimGraph.h */,
				54C2F4F717800D9400FEB6B9 /* SimGraph.m */,
			);
			name = Graph;
			sourceTree = "<group>";
		};
		54DA316B1764B8900020D2B5 = {
			isa = PBXGroup;
			children = (
				545AF78B178ED36C0003678F /* CoreData.framework */,
				54DA317D1764B8900020D2B5 /* VCell */,
				54DA31AF1764B8900020D2B5 /* VCellTests */,
				54DA31761764B8900020D2B5 /* Frameworks */,
				54DA31751764B8900020D2B5 /* Products */,
			);
			sourceTree = "<group>";
		};
		54DA31751764B8900020D2B5 /* Products */ = {
			isa = PBXGroup;
			children = (
				54DA31741764B8900020D2B5 /* VCell.app */,
				54DA31A81764B8900020D2B5 /* VCellTests.octest */,
			);
			name = Products;
			sourceTree = "<group>";
		};
		54DA31761764B8900020D2B5 /* Frameworks */ = {
			isa = PBXGroup;
			children = (
				54C2F4F3177FDF2500FEB6B9 /* QuartzCore.framework */,
				54DA31771764B8900020D2B5 /* UIKit.framework */,
				54DA31791764B8900020D2B5 /* Foundation.framework */,
				54DA317B1764B8900020D2B5 /* CoreGraphics.framework */,
				54DA31A91764B8900020D2B5 /* SenTestingKit.framework */,
			);
			name = Frameworks;
			sourceTree = "<group>";
		};
		54DA317D1764B8900020D2B5 /* VCell */ = {
			isa = PBXGroup;
			children = (
				54DD492017AE588E00E27B2D /* Libraries */,
				543721E0176DFA8000AFC35F /* Constants.h */,
				543721E1176DFA8000AFC35F /* Constants.m */,
				545AF7D6178FC0BA0003678F /* Functions.h */,
				545AF7D7178FC0BA0003678F /* Functions.m */,
				54DA31861764B8900020D2B5 /* AppDelegate.h */,
				54DA31871764B8900020D2B5 /* AppDelegate.m */,
				54DA318F1764B8900020D2B5 /* MainStoryboard_iPhone.storyboard */,
				54DA31921764B8900020D2B5 /* MainStoryboard_iPad.storyboard */,
				54FB100817BDE777005D671D /* Login */,
				545AF783178E8A260003678F /* Second Tab - Biomodel */,
				543721E3176DFB7100AFC35F /* First Tab - SimJob */,
				54097FA41774A54D00AA6AE2 /* Resources */,
				54DA317E1764B8900020D2B5 /* Supporting Files */,
			);
			path = VCell;
			sourceTree = "<group>";
		};
		54DA317E1764B8900020D2B5 /* Supporting Files */ = {
			isa = PBXGroup;
			children = (
				54DA317F1764B8900020D2B5 /* VCell-Info.plist */,
				54DA31801764B8900020D2B5 /* InfoPlist.strings */,
				54DA31831764B8900020D2B5 /* main.m */,
				54DA31851764B8900020D2B5 /* VCell-Prefix.pch */,
				54DA31891764B8900020D2B5 /* Default.png */,
				54DA318B1764B8900020D2B5 /* Default@2x.png */,
				54DA318D1764B8900020D2B5 /* Default-568h@2x.png */,
			);
			name = "Supporting Files";
			sourceTree = "<group>";
		};
		54DA31AF1764B8900020D2B5 /* VCellTests */ = {
			isa = PBXGroup;
			children = (
				54DA31B51764B8900020D2B5 /* VCellTests.h */,
				54DA31B61764B8900020D2B5 /* VCellTests.m */,
				54DA31B01764B8900020D2B5 /* Supporting Files */,
			);
			path = VCellTests;
			sourceTree = "<group>";
		};
		54DA31B01764B8900020D2B5 /* Supporting Files */ = {
			isa = PBXGroup;
			children = (
				54DA31B11764B8900020D2B5 /* VCellTests-Info.plist */,
				54DA31B21764B8900020D2B5 /* InfoPlist.strings */,
			);
			name = "Supporting Files";
			sourceTree = "<group>";
		};
		54DD492017AE588E00E27B2D /* Libraries */ = {
			isa = PBXGroup;
			children = (
				54C2F4A2177FDEA800FEB6B9 /* CorePlot */,
				54DD491D17AE588400E27B2D /* MBProgressHUD.h */,
				54DD491E17AE588400E27B2D /* MBProgressHUD.m */,
			);
			name = Libraries;
			sourceTree = "<group>";
		};
		54FB100817BDE777005D671D /* Login */ = {
			isa = PBXGroup;
			children = (
				54FB100217BDE72E005D671D /* LoginViewController.h */,
				54FB100317BDE72E005D671D /* LoginViewController.m */,
				54FB0FFF17BDE299005D671D /* AccessToken.h */,
				54FB100017BDE299005D671D /* AccessToken.m */,
				5492E32717DB58EC00CABA4F /* RegisterationViewController.h */,
				5492E32817DB58EC00CABA4F /* RegisterationViewController.m */,
			);
			name = Login;
			sourceTree = "<group>";
		};
/* End PBXGroup section */

/* Begin PBXNativeTarget section */
		54DA31731764B8900020D2B5 /* VCell */ = {
			isa = PBXNativeTarget;
			buildConfigurationList = 54DA31BA1764B8900020D2B5 /* Build configuration list for PBXNativeTarget "VCell" */;
			buildPhases = (
				54DA31701764B8900020D2B5 /* Sources */,
				54DA31711764B8900020D2B5 /* Frameworks */,
				54DA31721764B8900020D2B5 /* Resources */,
			);
			buildRules = (
			);
			dependencies = (
			);
			name = VCell;
			productName = VCell;
			productReference = 54DA31741764B8900020D2B5 /* VCell.app */;
			productType = "com.apple.product-type.application";
		};
		54DA31A71764B8900020D2B5 /* VCellTests */ = {
			isa = PBXNativeTarget;
			buildConfigurationList = 54DA31BD1764B8900020D2B5 /* Build configuration list for PBXNativeTarget "VCellTests" */;
			buildPhases = (
				54DA31A31764B8900020D2B5 /* Sources */,
				54DA31A41764B8900020D2B5 /* Frameworks */,
				54DA31A51764B8900020D2B5 /* Resources */,
				54DA31A61764B8900020D2B5 /* ShellScript */,
			);
			buildRules = (
			);
			dependencies = (
				54DA31AE1764B8900020D2B5 /* PBXTargetDependency */,
			);
			name = VCellTests;
			productName = VCellTests;
			productReference = 54DA31A81764B8900020D2B5 /* VCellTests.octest */;
			productType = "com.apple.product-type.bundle";
		};
/* End PBXNativeTarget section */

/* Begin PBXProject section */
		54DA316C1764B8900020D2B5 /* Project object */ = {
			isa = PBXProject;
			attributes = {
				LastUpgradeCheck = 0460;
				ORGANIZATIONNAME = vcell;
			};
			buildConfigurationList = 54DA316F1764B8900020D2B5 /* Build configuration list for PBXProject "VCell" */;
			compatibilityVersion = "Xcode 3.2";
			developmentRegion = English;
			hasScannedForEncodings = 0;
			knownRegions = (
				en,
			);
			mainGroup = 54DA316B1764B8900020D2B5;
			productRefGroup = 54DA31751764B8900020D2B5 /* Products */;
			projectDirPath = "";
			projectRoot = "";
			targets = (
				54DA31731764B8900020D2B5 /* VCell */,
				54DA31A71764B8900020D2B5 /* VCellTests */,
			);
		};
/* End PBXProject section */

/* Begin PBXResourcesBuildPhase section */
		54DA31721764B8900020D2B5 /* Resources */ = {
			isa = PBXResourcesBuildPhase;
			buildActionMask = 2147483647;
			files = (
				54DA31821764B8900020D2B5 /* InfoPlist.strings in Resources */,
				54DA318A1764B8900020D2B5 /* Default.png in Resources */,
				54DA318C1764B8900020D2B5 /* Default@2x.png in Resources */,
				54DA318E1764B8900020D2B5 /* Default-568h@2x.png in Resources */,
				54DA31911764B8900020D2B5 /* MainStoryboard_iPhone.storyboard in Resources */,
				54DA31941764B8900020D2B5 /* MainStoryboard_iPad.storyboard in Resources */,
				54DA31991764B8900020D2B5 /* first.png in Resources */,
				54DA319B1764B8900020D2B5 /* first@2x.png in Resources */,
				54DA31A01764B8900020D2B5 /* second.png in Resources */,
				54DA31A21764B8900020D2B5 /* second@2x.png in Resources */,
				54EDA98B17709B7100A32120 /* 37x-Checkmark.png in Resources */,
				54EDA98C17709B7100A32120 /* 37x-Checkmark@2x.png in Resources */,
				541BD299177193DD00E82846 /* greyButton.png in Resources */,
				541BD29A177193DD00E82846 /* greyButton@2x.png in Resources */,
				541BD29D177193F100E82846 /* greyButtonHighlight.png in Resources */,
				541BD29E177193F100E82846 /* greyButtonHighlight@2x.png in Resources */,
				540C37951771F68F00D95990 /* SimJobCell.xib in Resources */,
				540AAC601772FD74007C4DCF /* dot.png in Resources */,
				540AAC611772FD74007C4DCF /* dot@2x.png in Resources */,
				54DD491C17AD2C9600E27B2D /* BiomodelCell.xib in Resources */,
			);
			runOnlyForDeploymentPostprocessing = 0;
		};
		54DA31A51764B8900020D2B5 /* Resources */ = {
			isa = PBXResourcesBuildPhase;
			buildActionMask = 2147483647;
			files = (
				54DA31B41764B8900020D2B5 /* InfoPlist.strings in Resources */,
			);
			runOnlyForDeploymentPostprocessing = 0;
		};
/* End PBXResourcesBuildPhase section */

/* Begin PBXShellScriptBuildPhase section */
		54DA31A61764B8900020D2B5 /* ShellScript */ = {
			isa = PBXShellScriptBuildPhase;
			buildActionMask = 2147483647;
			files = (
			);
			inputPaths = (
			);
			outputPaths = (
			);
			runOnlyForDeploymentPostprocessing = 0;
			shellPath = /bin/sh;
			shellScript = "# Run the unit tests in this test bundle.\n\"${SYSTEM_DEVELOPER_DIR}/Tools/RunUnitTests\"\n";
		};
/* End PBXShellScriptBuildPhase section */

/* Begin PBXSourcesBuildPhase section */
		54DA31701764B8900020D2B5 /* Sources */ = {
			isa = PBXSourcesBuildPhase;
			buildActionMask = 2147483647;
			files = (
				54DA31841764B8900020D2B5 /* main.m in Sources */,
				54DA31881764B8900020D2B5 /* AppDelegate.m in Sources */,
				54DA31971764B8900020D2B5 /* SimJobController.m in Sources */,
				54DA319E1764B8900020D2B5 /* GraphViewController.m in Sources */,
				544CE0CA1765E13600F69C45 /* SimJob.m in Sources */,
				5467C06017674804002A5CC9 /* SimJobCell.m in Sources */,
				543721E2176DFA8000AFC35F /* Constants.m in Sources */,
				540AAC5D1772D482007C4DCF /* SimJobButtonCell.m in Sources */,
				54608B121779ADDA0004C4D9 /* SimJobsFiltersController.m in Sources */,
				54608B151779BC320004C4D9 /* SimJobsFiltersDetail.m in Sources */,
				54419AE7177B48EE00D10E30 /* SimJobDetailsController.m in Sources */,
				54C2F4F817800D9400FEB6B9 /* SimGraph.m in Sources */,
				54C2F4FB178033BC00FEB6B9 /* GraphAxisSelectController.m in Sources */,
				545AF782178E8A1A0003678F /* BiomodelViewController.m in Sources */,
				545AF786178EA6DA0003678F /* BioModel.xcdatamodeld in Sources */,
				545AF7CF178F21100003678F /* Simulation.m in Sources */,
				545AF7D2178F21100003678F /* Application.m in Sources */,
				545AF7D5178F21100003678F /* Biomodel.m in Sources */,
				545AF7D8178FC0BA0003678F /* Functions.m in Sources */,
				545AF7DD1796C7810003678F /* BiomodelDetailsViewController.m in Sources */,
				54DD491A17AD24EB00E27B2D /* BiomodelCell.m in Sources */,
				54DD491F17AE588400E27B2D /* MBProgressHUD.m in Sources */,
				54FB100117BDE299005D671D /* AccessToken.m in Sources */,
				54FB100417BDE72E005D671D /* LoginViewController.m in Sources */,
				5492E32917DB58EC00CABA4F /* RegisterationViewController.m in Sources */,
			);
			runOnlyForDeploymentPostprocessing = 0;
		};
		54DA31A31764B8900020D2B5 /* Sources */ = {
			isa = PBXSourcesBuildPhase;
			buildActionMask = 2147483647;
			files = (
				54DA31B71764B8900020D2B5 /* VCellTests.m in Sources */,
			);
			runOnlyForDeploymentPostprocessing = 0;
		};
/* End PBXSourcesBuildPhase section */

/* Begin PBXTargetDependency section */
		54DA31AE1764B8900020D2B5 /* PBXTargetDependency */ = {
			isa = PBXTargetDependency;
			target = 54DA31731764B8900020D2B5 /* VCell */;
			targetProxy = 54DA31AD1764B8900020D2B5 /* PBXContainerItemProxy */;
		};
/* End PBXTargetDependency section */

/* Begin PBXVariantGroup section */
		54DA31801764B8900020D2B5 /* InfoPlist.strings */ = {
			isa = PBXVariantGroup;
			children = (
				54DA31811764B8900020D2B5 /* en */,
			);
			name = InfoPlist.strings;
			sourceTree = "<group>";
		};
		54DA318F1764B8900020D2B5 /* MainStoryboard_iPhone.storyboard */ = {
			isa = PBXVariantGroup;
			children = (
				54DA31901764B8900020D2B5 /* en */,
			);
			name = MainStoryboard_iPhone.storyboard;
			sourceTree = "<group>";
		};
		54DA31921764B8900020D2B5 /* MainStoryboard_iPad.storyboard */ = {
			isa = PBXVariantGroup;
			children = (
				54DA31931764B8900020D2B5 /* en */,
			);
			name = MainStoryboard_iPad.storyboard;
			sourceTree = "<group>";
		};
		54DA31B21764B8900020D2B5 /* InfoPlist.strings */ = {
			isa = PBXVariantGroup;
			children = (
				54DA31B31764B8900020D2B5 /* en */,
			);
			name = InfoPlist.strings;
			sourceTree = "<group>";
		};
/* End PBXVariantGroup section */

/* Begin XCBuildConfiguration section */
		54DA31B81764B8900020D2B5 /* Debug */ = {
			isa = XCBuildConfiguration;
			buildSettings = {
				ALWAYS_SEARCH_USER_PATHS = NO;
				CLANG_CXX_LANGUAGE_STANDARD = "gnu++0x";
				CLANG_CXX_LIBRARY = "libc++";
				CLANG_ENABLE_OBJC_ARC = YES;
				CLANG_WARN_CONSTANT_CONVERSION = YES;
				CLANG_WARN_EMPTY_BODY = YES;
				CLANG_WARN_ENUM_CONVERSION = YES;
				CLANG_WARN_INT_CONVERSION = YES;
				CLANG_WARN__DUPLICATE_METHOD_MATCH = YES;
				"CODE_SIGN_IDENTITY[sdk=iphoneos*]" = "iPhone Developer";
				COPY_PHASE_STRIP = NO;
				GCC_C_LANGUAGE_STANDARD = gnu99;
				GCC_DYNAMIC_NO_PIC = NO;
				GCC_OPTIMIZATION_LEVEL = 0;
				GCC_PREPROCESSOR_DEFINITIONS = (
					"DEBUG=1",
					"$(inherited)",
				);
				GCC_SYMBOLS_PRIVATE_EXTERN = NO;
				GCC_WARN_ABOUT_RETURN_TYPE = YES;
				GCC_WARN_UNINITIALIZED_AUTOS = YES;
				GCC_WARN_UNUSED_VARIABLE = YES;
				IPHONEOS_DEPLOYMENT_TARGET = 6.1;
				ONLY_ACTIVE_ARCH = YES;
				SDKROOT = iphoneos;
				TARGETED_DEVICE_FAMILY = "1,2";
			};
			name = Debug;
		};
		54DA31B91764B8900020D2B5 /* Release */ = {
			isa = XCBuildConfiguration;
			buildSettings = {
				ALWAYS_SEARCH_USER_PATHS = NO;
				CLANG_CXX_LANGUAGE_STANDARD = "gnu++0x";
				CLANG_CXX_LIBRARY = "libc++";
				CLANG_ENABLE_OBJC_ARC = YES;
				CLANG_WARN_CONSTANT_CONVERSION = YES;
				CLANG_WARN_EMPTY_BODY = YES;
				CLANG_WARN_ENUM_CONVERSION = YES;
				CLANG_WARN_INT_CONVERSION = YES;
				CLANG_WARN__DUPLICATE_METHOD_MATCH = YES;
				"CODE_SIGN_IDENTITY[sdk=iphoneos*]" = "iPhone Developer";
				COPY_PHASE_STRIP = YES;
				GCC_C_LANGUAGE_STANDARD = gnu99;
				GCC_WARN_ABOUT_RETURN_TYPE = YES;
				GCC_WARN_UNINITIALIZED_AUTOS = YES;
				GCC_WARN_UNUSED_VARIABLE = YES;
				IPHONEOS_DEPLOYMENT_TARGET = 6.1;
				OTHER_CFLAGS = "-DNS_BLOCK_ASSERTIONS=1";
				SDKROOT = iphoneos;
				TARGETED_DEVICE_FAMILY = "1,2";
				VALIDATE_PRODUCT = YES;
			};
			name = Release;
		};
		54DA31BB1764B8900020D2B5 /* Debug */ = {
			isa = XCBuildConfiguration;
			buildSettings = {
				GCC_PRECOMPILE_PREFIX_HEADER = YES;
				GCC_PREFIX_HEADER = "VCell/VCell-Prefix.pch";
				GCC_WARN_UNDECLARED_SELECTOR = YES;
				INFOPLIST_FILE = "VCell/VCell-Info.plist";
				IPHONEOS_DEPLOYMENT_TARGET = 6.0;
				LIBRARY_SEARCH_PATHS = (
					"$(inherited)",
					"\"$(SRCROOT)/VCell\"",
				);
				OTHER_LDFLAGS = "-ObjC";
				PRODUCT_NAME = "$(TARGET_NAME)";
				TARGETED_DEVICE_FAMILY = 1;
				WRAPPER_EXTENSION = app;
			};
			name = Debug;
		};
		54DA31BC1764B8900020D2B5 /* Release */ = {
			isa = XCBuildConfiguration;
			buildSettings = {
				GCC_PRECOMPILE_PREFIX_HEADER = YES;
				GCC_PREFIX_HEADER = "VCell/VCell-Prefix.pch";
				GCC_WARN_UNDECLARED_SELECTOR = YES;
				INFOPLIST_FILE = "VCell/VCell-Info.plist";
				IPHONEOS_DEPLOYMENT_TARGET = 6.0;
				LIBRARY_SEARCH_PATHS = (
					"$(inherited)",
					"\"$(SRCROOT)/VCell\"",
				);
				OTHER_LDFLAGS = "-ObjC";
				PRODUCT_NAME = "$(TARGET_NAME)";
				TARGETED_DEVICE_FAMILY = 1;
				WRAPPER_EXTENSION = app;
			};
			name = Release;
		};
		54DA31BE1764B8900020D2B5 /* Debug */ = {
			isa = XCBuildConfiguration;
			buildSettings = {
				BUNDLE_LOADER = "$(BUILT_PRODUCTS_DIR)/VCell.app/VCell";
				FRAMEWORK_SEARCH_PATHS = (
					"\"$(SDKROOT)/Developer/Library/Frameworks\"",
					"\"$(DEVELOPER_LIBRARY_DIR)/Frameworks\"",
				);
				GCC_PRECOMPILE_PREFIX_HEADER = YES;
				GCC_PREFIX_HEADER = "VCell/VCell-Prefix.pch";
				INFOPLIST_FILE = "VCellTests/VCellTests-Info.plist";
				PRODUCT_NAME = "$(TARGET_NAME)";
				TEST_HOST = "$(BUNDLE_LOADER)";
				WRAPPER_EXTENSION = octest;
			};
			name = Debug;
		};
		54DA31BF1764B8900020D2B5 /* Release */ = {
			isa = XCBuildConfiguration;
			buildSettings = {
				BUNDLE_LOADER = "$(BUILT_PRODUCTS_DIR)/VCell.app/VCell";
				FRAMEWORK_SEARCH_PATHS = (
					"\"$(SDKROOT)/Developer/Library/Frameworks\"",
					"\"$(DEVELOPER_LIBRARY_DIR)/Frameworks\"",
				);
				GCC_PRECOMPILE_PREFIX_HEADER = YES;
				GCC_PREFIX_HEADER = "VCell/VCell-Prefix.pch";
				INFOPLIST_FILE = "VCellTests/VCellTests-Info.plist";
				PRODUCT_NAME = "$(TARGET_NAME)";
				TEST_HOST = "$(BUNDLE_LOADER)";
				WRAPPER_EXTENSION = octest;
			};
			name = Release;
		};
/* End XCBuildConfiguration section */

/* Begin XCConfigurationList section */
		54DA316F1764B8900020D2B5 /* Build configuration list for PBXProject "VCell" */ = {
			isa = XCConfigurationList;
			buildConfigurations = (
				54DA31B81764B8900020D2B5 /* Debug */,
				54DA31B91764B8900020D2B5 /* Release */,
			);
			defaultConfigurationIsVisible = 0;
			defaultConfigurationName = Release;
		};
		54DA31BA1764B8900020D2B5 /* Build configuration list for PBXNativeTarget "VCell" */ = {
			isa = XCConfigurationList;
			buildConfigurations = (
				54DA31BB1764B8900020D2B5 /* Debug */,
				54DA31BC1764B8900020D2B5 /* Release */,
			);
			defaultConfigurationIsVisible = 0;
			defaultConfigurationName = Release;
		};
		54DA31BD1764B8900020D2B5 /* Build configuration list for PBXNativeTarget "VCellTests" */ = {
			isa = XCConfigurationList;
			buildConfigurations = (
				54DA31BE1764B8900020D2B5 /* Debug */,
				54DA31BF1764B8900020D2B5 /* Release */,
			);
			defaultConfigurationIsVisible = 0;
			defaultConfigurationName = Release;
		};
/* End XCConfigurationList section */

/* Begin XCVersionGroup section */
		545AF784178EA6DA0003678F /* BioModel.xcdatamodeld */ = {
			isa = XCVersionGroup;
			children = (
				545AF785178EA6DA0003678F /* BioModel.xcdatamodel */,
			);
			currentVersion = 545AF785178EA6DA0003678F /* BioModel.xcdatamodel */;
			path = BioModel.xcdatamodeld;
			sourceTree = "<group>";
			versionGroupType = wrapper.xcdatamodel;
		};
/* End XCVersionGroup section */
	};
	rootObject = 54DA316C1764B8900020D2B5 /* Project object */;
}
